{
  "originHash" : "282de3e6e8d171f77c7c4dc55369a243bdd998e67380eceb73cfdc3ff2d9015d",
  "pins" : [
    {
      "identity" : "debugswift",
      "kind" : "remoteSourceControl",
      "location" : "https://github.com/DebugSwift/DebugSwift",
      "state" : {
        "revision" : "cdc9732271d499c26be2ed5528622250bd90c11e",
        "version" : "1.18.0"
      }
    }
  ],
  "version" : 3
}
